{
  "name": "neadmin",
  "version": "1.0.0",
  "lockfileVersion": 1,
  "requires": true,
  "dependencies": {
    "async-validator": {
      "version": "1.8.1",
      "resolved": "http://registry.npm.taobao.org/async-validator/download/async-validator-1.8.1.tgz",
      "integrity": "sha1-ZmV4jKOSaa93Dl7gLw5VfyQ40so=",
      "requires": {
        "babel-runtime": "6.26.0"
      }
    },
    "babel-helper-vue-jsx-merge-props": {
      "version": "2.0.2",
      "resolved": "http://registry.npm.taobao.org/babel-helper-vue-jsx-merge-props/download/babel-helper-vue-jsx-merge-props-2.0.2.tgz",
      "integrity": "sha1-rOscNzWIJ54nVeoc/TXCI5T9M/g="
    },
    "babel-runtime": {
      "version": "6.26.0",
      "resolved": "http://registry.npm.taobao.org/babel-runtime/download/babel-runtime-6.26.0.tgz",
      "integrity": "sha1-llxwWGaOgrVde/4E/yM3vItWR/4=",
      "requires": {
        "core-js": "2.5.1",
        "regenerator-runtime": "0.11.0"
      }
    },
    "core-js": {
      "version": "2.5.1",
      "resolved": "http://registry.npm.taobao.org/core-js/download/core-js-2.5.1.tgz",
      "integrity": "sha1-rmh03GaTd4m4B1T/VCjfZoGcpQs="
    },
    "deepmerge": {
      "version": "1.5.2",
      "resolved": "http://registry.npm.taobao.org/deepmerge/download/deepmerge-1.5.2.tgz",
      "integrity": "sha1-EEmdhohEza1P7ghC34x/bwyVp1M="
    },
    "element-ui": {
      "version": "2.0.3",
      "resolved": "http://registry.npm.taobao.org/element-ui/download/element-ui-2.0.3.tgz",
      "integrity": "sha1-1G6kmjjvGQCUrPHd3ERsiA0xOn8=",
      "requires": {
        "async-validator": "1.8.1",
        "babel-helper-vue-jsx-merge-props": "2.0.2",
        "deepmerge": "1.5.2",
        "throttle-debounce": "1.0.1"
      }
    },
    "regenerator-runtime": {
      "version": "0.11.0",
      "resolved": "http://registry.npm.taobao.org/regenerator-runtime/download/regenerator-runtime-0.11.0.tgz",
      "integrity": "sha1-flT+W1zNXWYk6mJVw0c74JC4AuE="
    },
    "throttle-debounce": {
      "version": "1.0.1",
      "resolved": "http://registry.npm.taobao.org/throttle-debounce/download/throttle-debounce-1.0.1.tgz",
      "integrity": "sha1-2tD+Ew+drzcZ/eoz3Dao5rp/MLU="
    }
  }
}
